
Microsoft Visual Studio Solution File, Format Version 12.00
# Visual Studio 15
VisualStudioVersion = 15.0.28010.2050
MinimumVisualStudioVersion = 10.0.40219.1
Project("{FAE04EC0-301F-11D3-BF4B-00C04F79EFBC}") = "Client", "Client\Client.csproj", "{EFC8C3DA-FB0A-4C21-B2FA-50DB82C1D77F}"
EndProject
Global
	GlobalSection(SolutionConfigurationPlatforms) = preSolution
		Debug|Any CPU = Debug|Any CPU
		Release|Any CPU = Release|Any CPU
	EndGlobalSection
	GlobalSection(ProjectConfigurationPlatforms) = postSolution
		{EFC8C3DA-FB0A-4C21-B2FA-50DB82C1D77F}.Debug|Any CPU.ActiveCfg = Debug|Any CPU
		{EFC8C3DA-FB0A-4C21-B2FA-50DB82C1D77F}.Debug|Any CPU.Build.0 = Debug|Any CPU
		{EFC8C3DA-FB0A-4C21-B2FA-50DB82C1D77F}.Release|Any CPU.ActiveCfg = Release|Any CPU
		{EFC8C3DA-FB0A-4C21-B2FA-50DB82C1D77F}.Release|Any CPU.Build.0 = Release|Any CPU
	EndGlobalSection
	GlobalSection(SolutionProperties) = preSolution
		HideSolutionNode = FALSE
	EndGlobalSection
	GlobalSection(ExtensibilityGlobals) = postSolution
		SolutionGuid = {0F0E2B96-06F5-4261-AAAB-810B535CA18F}
	EndGlobalSection
EndGlobal
